{
  "name": "portfolio__publisher",
  "version": "1.0.0",
  "lockfileVersion": 2,
  "requires": true,
  "packages": {
    "": {
      "name": "portfolio__publisher",
      "version": "1.0.0",
      "license": "ISC",
      "dependencies": {
        "pageable": "^0.6.8"
      }
    },
    "node_modules/pageable": {
      "version": "0.6.8",
      "resolved": "https://registry.npmjs.org/pageable/-/pageable-0.6.8.tgz",
      "integrity": "sha512-uVE7Fxa73483g8bl4v+YKf6jNcJlqhu3U/ETzx+nJ9n34yKCLS/0/t5o3ZwkuUWpTQyogfbs0fFUY6R6Wpa0yw=="
    }
  },
  "dependencies": {
    "pageable": {
      "version": "0.6.8",
      "resolved": "https://registry.npmjs.org/pageable/-/pageable-0.6.8.tgz",
      "integrity": "sha512-uVE7Fxa73483g8bl4v+YKf6jNcJlqhu3U/ETzx+nJ9n34yKCLS/0/t5o3ZwkuUWpTQyogfbs0fFUY6R6Wpa0yw=="
    }
  }
}
